
Microsoft Visual Studio Solution File, Format Version 12.00
# Visual Studio Version 16
VisualStudioVersion = 16.0.32901.82
MinimumVisualStudioVersion = 10.0.40219.1
Project("{FAE04EC0-301F-11D3-BF4B-00C04F79EFBC}") = "AbstractClassesLibrary", "AbstractClassesLibrary\AbstractClassesLibrary.csproj", "{2169235E-460E-461C-9175-21F2DCFF6428}"
EndProject
Project("{FAE04EC0-301F-11D3-BF4B-00C04F79EFBC}") = "AbstractClassUI", "AbstractClassUI\AbstractClassUI.csproj", "{F98E280F-7B6B-478C-B23E-9451A3CBCAAF}"
EndProject
Project("{FAE04EC0-301F-11D3-BF4B-00C04F79EFBC}") = "InterfacesLibrary", "InterfacesLibrary\InterfacesLibrary.csproj", "{58337F42-DF3B-402E-9F81-9AFCD7503184}"
EndProject
Project("{FAE04EC0-301F-11D3-BF4B-00C04F79EFBC}") = "InterfacesUI", "InterfacesUI\InterfacesUI.csproj", "{D6F60C03-0581-4C55-BCA5-CC85308144C3}"
EndProject
Project("{FAE04EC0-301F-11D3-BF4B-00C04F79EFBC}") = "OODemoApp", "OODemoApp\OODemoApp.csproj", "{B36D70DE-C29D-4F30-8DB6-1B7A28C0FFB8}"
EndProject
Project("{FAE04EC0-301F-11D3-BF4B-00C04F79EFBC}") = "SRPDemo", "SRPDemo\SRPDemo.csproj", "{666FC7BE-B4D2-44C3-999A-49345CA773DF}"
EndProject
Project("{FAE04EC0-301F-11D3-BF4B-00C04F79EFBC}") = "OPCLibrary", "OPCLibrary\OPCLibrary.csproj", "{654CBE85-B290-4F69-8EFE-184E21527D48}"
EndProject
Project("{FAE04EC0-301F-11D3-BF4B-00C04F79EFBC}") = "OPCDemoUI", "OPCDemoUI\OPCDemoUI.csproj", "{C8CBBF89-938C-4841-88EB-95FABD89F734}"
EndProject
Project("{FAE04EC0-301F-11D3-BF4B-00C04F79EFBC}") = "LSPDemoUI", "LSPDemoUI\LSPDemoUI.csproj", "{6041530E-6A58-456A-9937-B2D57566A818}"
EndProject
Project("{FAE04EC0-301F-11D3-BF4B-00C04F79EFBC}") = "LSPLibrary", "LSPLibrary\LSPLibrary.csproj", "{D7779208-D740-45E0-AB24-360B03F7614B}"
EndProject
Project("{FAE04EC0-301F-11D3-BF4B-00C04F79EFBC}") = "ISPDemoUI", "ISPDemoUI\ISPDemoUI.csproj", "{E186DB46-89F1-4DCE-ABF4-83E32698E954}"
EndProject
Project("{FAE04EC0-301F-11D3-BF4B-00C04F79EFBC}") = "ISPLibrary", "ISPLibrary\ISPLibrary.csproj", "{1CFA4E7A-5FB2-4E34-BB6A-93B70C7D6C33}"
EndProject
Project("{FAE04EC0-301F-11D3-BF4B-00C04F79EFBC}") = "DIDemoUI", "DIDemoUI\DIDemoUI.csproj", "{0BA863BF-CC38-49D7-9B38-F46CA0470DC9}"
EndProject
Project("{FAE04EC0-301F-11D3-BF4B-00C04F79EFBC}") = "DILibrary", "DILibrary\DILibrary.csproj", "{59C452C1-2387-42CE-BA98-42F86801A667}"
EndProject
Project("{FAE04EC0-301F-11D3-BF4B-00C04F79EFBC}") = "DependencyInjectionUI", "DependencyInjectionUI\DependencyInjectionUI.csproj", "{269EB2C3-7993-42E1-97AB-2C1E1A4B3EF6}"
EndProject
Project("{FAE04EC0-301F-11D3-BF4B-00C04F79EFBC}") = "DependencyInjectionLibrary", "DependencyInjectionLibrary\DependencyInjectionLibrary.csproj", "{C7ED85F3-FBBA-4D20-8A7C-D8995E1AD167}"
EndProject
Project("{FAE04EC0-301F-11D3-BF4B-00C04F79EFBC}") = "DelegatesConsoleUI", "DelegatesConsoleUI\DelegatesConsoleUI.csproj", "{99FECFDB-B049-4CEB-88DB-3557FB522647}"
EndProject
Project("{FAE04EC0-301F-11D3-BF4B-00C04F79EFBC}") = "DelegatesLibrary", "DelegatesLibrary\DelegatesLibrary.csproj", "{79509DF4-871B-4BBE-A4B3-0F756DC07B52}"
EndProject
Project("{FAE04EC0-301F-11D3-BF4B-00C04F79EFBC}") = "DelegatesWinFormUI", "DelegatesWinFormUI\DelegatesWinFormUI.csproj", "{45F217F8-B357-4512-8C41-36DB441894DB}"
EndProject
Global
	GlobalSection(SolutionConfigurationPlatforms) = preSolution
		Debug|Any CPU = Debug|Any CPU
		Release|Any CPU = Release|Any CPU
	EndGlobalSection
	GlobalSection(ProjectConfigurationPlatforms) = postSolution
		{2169235E-460E-461C-9175-21F2DCFF6428}.Debug|Any CPU.ActiveCfg = Debug|Any CPU
		{2169235E-460E-461C-9175-21F2DCFF6428}.Debug|Any CPU.Build.0 = Debug|Any CPU
		{2169235E-460E-461C-9175-21F2DCFF6428}.Release|Any CPU.ActiveCfg = Release|Any CPU
		{2169235E-460E-461C-9175-21F2DCFF6428}.Release|Any CPU.Build.0 = Release|Any CPU
		{F98E280F-7B6B-478C-B23E-9451A3CBCAAF}.Debug|Any CPU.ActiveCfg = Debug|Any CPU
		{F98E280F-7B6B-478C-B23E-9451A3CBCAAF}.Debug|Any CPU.Build.0 = Debug|Any CPU
		{F98E280F-7B6B-478C-B23E-9451A3CBCAAF}.Release|Any CPU.ActiveCfg = Release|Any CPU
		{F98E280F-7B6B-478C-B23E-9451A3CBCAAF}.Release|Any CPU.Build.0 = Release|Any CPU
		{58337F42-DF3B-402E-9F81-9AFCD7503184}.Debug|Any CPU.ActiveCfg = Debug|Any CPU
		{58337F42-DF3B-402E-9F81-9AFCD7503184}.Debug|Any CPU.Build.0 = Debug|Any CPU
		{58337F42-DF3B-402E-9F81-9AFCD7503184}.Release|Any CPU.ActiveCfg = Release|Any CPU
		{58337F42-DF3B-402E-9F81-9AFCD7503184}.Release|Any CPU.Build.0 = Release|Any CPU
		{D6F60C03-0581-4C55-BCA5-CC85308144C3}.Debug|Any CPU.ActiveCfg = Debug|Any CPU
		{D6F60C03-0581-4C55-BCA5-CC85308144C3}.Debug|Any CPU.Build.0 = Debug|Any CPU
		{D6F60C03-0581-4C55-BCA5-CC85308144C3}.Release|Any CPU.ActiveCfg = Release|Any CPU
		{D6F60C03-0581-4C55-BCA5-CC85308144C3}.Release|Any CPU.Build.0 = Release|Any CPU
		{B36D70DE-C29D-4F30-8DB6-1B7A28C0FFB8}.Debug|Any CPU.ActiveCfg = Debug|Any CPU
		{B36D70DE-C29D-4F30-8DB6-1B7A28C0FFB8}.Debug|Any CPU.Build.0 = Debug|Any CPU
		{B36D70DE-C29D-4F30-8DB6-1B7A28C0FFB8}.Release|Any CPU.ActiveCfg = Release|Any CPU
		{B36D70DE-C29D-4F30-8DB6-1B7A28C0FFB8}.Release|Any CPU.Build.0 = Release|Any CPU
		{666FC7BE-B4D2-44C3-999A-49345CA773DF}.Debug|Any CPU.ActiveCfg = Debug|Any CPU
		{666FC7BE-B4D2-44C3-999A-49345CA773DF}.Debug|Any CPU.Build.0 = Debug|Any CPU
		{666FC7BE-B4D2-44C3-999A-49345CA773DF}.Release|Any CPU.ActiveCfg = Release|Any CPU
		{666FC7BE-B4D2-44C3-999A-49345CA773DF}.Release|Any CPU.Build.0 = Release|Any CPU
		{654CBE85-B290-4F69-8EFE-184E21527D48}.Debug|Any CPU.ActiveCfg = Debug|Any CPU
		{654CBE85-B290-4F69-8EFE-184E21527D48}.Debug|Any CPU.Build.0 = Debug|Any CPU
		{654CBE85-B290-4F69-8EFE-184E21527D48}.Release|Any CPU.ActiveCfg = Release|Any CPU
		{654CBE85-B290-4F69-8EFE-184E21527D48}.Release|Any CPU.Build.0 = Release|Any CPU
		{C8CBBF89-938C-4841-88EB-95FABD89F734}.Debug|Any CPU.ActiveCfg = Debug|Any CPU
		{C8CBBF89-938C-4841-88EB-95FABD89F734}.Debug|Any CPU.Build.0 = Debug|Any CPU
		{C8CBBF89-938C-4841-88EB-95FABD89F734}.Release|Any CPU.ActiveCfg = Release|Any CPU
		{C8CBBF89-938C-4841-88EB-95FABD89F734}.Release|Any CPU.Build.0 = Release|Any CPU
		{6041530E-6A58-456A-9937-B2D57566A818}.Debug|Any CPU.ActiveCfg = Debug|Any CPU
		{6041530E-6A58-456A-9937-B2D57566A818}.Debug|Any CPU.Build.0 = Debug|Any CPU
		{6041530E-6A58-456A-9937-B2D57566A818}.Release|Any CPU.ActiveCfg = Release|Any CPU
		{6041530E-6A58-456A-9937-B2D57566A818}.Release|Any CPU.Build.0 = Release|Any CPU
		{D7779208-D740-45E0-AB24-360B03F7614B}.Debug|Any CPU.ActiveCfg = Debug|Any CPU
		{D7779208-D740-45E0-AB24-360B03F7614B}.Debug|Any CPU.Build.0 = Debug|Any CPU
		{D7779208-D740-45E0-AB24-360B03F7614B}.Release|Any CPU.ActiveCfg = Release|Any CPU
		{D7779208-D740-45E0-AB24-360B03F7614B}.Release|Any CPU.Build.0 = Release|Any CPU
		{E186DB46-89F1-4DCE-ABF4-83E32698E954}.Debug|Any CPU.ActiveCfg = Debug|Any CPU
		{E186DB46-89F1-4DCE-ABF4-83E32698E954}.Debug|Any CPU.Build.0 = Debug|Any CPU
		{E186DB46-89F1-4DCE-ABF4-83E32698E954}.Release|Any CPU.ActiveCfg = Release|Any CPU
		{E186DB46-89F1-4DCE-ABF4-83E32698E954}.Release|Any CPU.Build.0 = Release|Any CPU
		{1CFA4E7A-5FB2-4E34-BB6A-93B70C7D6C33}.Debug|Any CPU.ActiveCfg = Debug|Any CPU
		{1CFA4E7A-5FB2-4E34-BB6A-93B70C7D6C33}.Debug|Any CPU.Build.0 = Debug|Any CPU
		{1CFA4E7A-5FB2-4E34-BB6A-93B70C7D6C33}.Release|Any CPU.ActiveCfg = Release|Any CPU
		{1CFA4E7A-5FB2-4E34-BB6A-93B70C7D6C33}.Release|Any CPU.Build.0 = Release|Any CPU
		{0BA863BF-CC38-49D7-9B38-F46CA0470DC9}.Debug|Any CPU.ActiveCfg = Debug|Any CPU
		{0BA863BF-CC38-49D7-9B38-F46CA0470DC9}.Debug|Any CPU.Build.0 = Debug|Any CPU
		{0BA863BF-CC38-49D7-9B38-F46CA0470DC9}.Release|Any CPU.ActiveCfg = Release|Any CPU
		{0BA863BF-CC38-49D7-9B38-F46CA0470DC9}.Release|Any CPU.Build.0 = Release|Any CPU
		{59C452C1-2387-42CE-BA98-42F86801A667}.Debug|Any CPU.ActiveCfg = Debug|Any CPU
		{59C452C1-2387-42CE-BA98-42F86801A667}.Debug|Any CPU.Build.0 = Debug|Any CPU
		{59C452C1-2387-42CE-BA98-42F86801A667}.Release|Any CPU.ActiveCfg = Release|Any CPU
		{59C452C1-2387-42CE-BA98-42F86801A667}.Release|Any CPU.Build.0 = Release|Any CPU
		{269EB2C3-7993-42E1-97AB-2C1E1A4B3EF6}.Debug|Any CPU.ActiveCfg = Debug|Any CPU
		{269EB2C3-7993-42E1-97AB-2C1E1A4B3EF6}.Debug|Any CPU.Build.0 = Debug|Any CPU
		{269EB2C3-7993-42E1-97AB-2C1E1A4B3EF6}.Release|Any CPU.ActiveCfg = Release|Any CPU
		{269EB2C3-7993-42E1-97AB-2C1E1A4B3EF6}.Release|Any CPU.Build.0 = Release|Any CPU
		{C7ED85F3-FBBA-4D20-8A7C-D8995E1AD167}.Debug|Any CPU.ActiveCfg = Debug|Any CPU
		{C7ED85F3-FBBA-4D20-8A7C-D8995E1AD167}.Debug|Any CPU.Build.0 = Debug|Any CPU
		{C7ED85F3-FBBA-4D20-8A7C-D8995E1AD167}.Release|Any CPU.ActiveCfg = Release|Any CPU
		{C7ED85F3-FBBA-4D20-8A7C-D8995E1AD167}.Release|Any CPU.Build.0 = Release|Any CPU
		{99FECFDB-B049-4CEB-88DB-3557FB522647}.Debug|Any CPU.ActiveCfg = Debug|Any CPU
		{99FECFDB-B049-4CEB-88DB-3557FB522647}.Debug|Any CPU.Build.0 = Debug|Any CPU
		{99FECFDB-B049-4CEB-88DB-3557FB522647}.Release|Any CPU.ActiveCfg = Release|Any CPU
		{99FECFDB-B049-4CEB-88DB-3557FB522647}.Release|Any CPU.Build.0 = Release|Any CPU
		{79509DF4-871B-4BBE-A4B3-0F756DC07B52}.Debug|Any CPU.ActiveCfg = Debug|Any CPU
		{79509DF4-871B-4BBE-A4B3-0F756DC07B52}.Debug|Any CPU.Build.0 = Debug|Any CPU
		{79509DF4-871B-4BBE-A4B3-0F756DC07B52}.Release|Any CPU.ActiveCfg = Release|Any CPU
		{79509DF4-871B-4BBE-A4B3-0F756DC07B52}.Release|Any CPU.Build.0 = Release|Any CPU
		{45F217F8-B357-4512-8C41-36DB441894DB}.Debug|Any CPU.ActiveCfg = Debug|Any CPU
		{45F217F8-B357-4512-8C41-36DB441894DB}.Debug|Any CPU.Build.0 = Debug|Any CPU
		{45F217F8-B357-4512-8C41-36DB441894DB}.Release|Any CPU.ActiveCfg = Release|Any CPU
		{45F217F8-B357-4512-8C41-36DB441894DB}.Release|Any CPU.Build.0 = Release|Any CPU
	EndGlobalSection
	GlobalSection(SolutionProperties) = preSolution
		HideSolutionNode = FALSE
	EndGlobalSection
	GlobalSection(ExtensibilityGlobals) = postSolution
		SolutionGuid = {0E52D3E0-B6FD-4325-9E0F-1E2C393D2622}
	EndGlobalSection
EndGlobal
